
Microsoft Visual Studio Solution File, Format Version 12.00
# Visual Studio Version 17
VisualStudioVersion = 17.14.36616.10
MinimumVisualStudioVersion = 10.0.40219.1
Project("{FAE04EC0-301F-11D3-BF4B-00C04F79EFBC}") = "VegMeatMarket.WebApi", "VegMeatMarket.WebApi\VegMeatMarket.WebApi.csproj", "{86650866-3CD0-4478-9B26-E04E5F508F7C}"
EndProject
Project("{FAE04EC0-301F-11D3-BF4B-00C04F79EFBC}") = "VegMeatMarket.Database", "VegMeatMarket.Database\VegMeatMarket.Database.csproj", "{E4DE11BC-0398-487F-8E45-0C15247EDB5F}"
EndProject
Project("{2150E333-8FDC-42A3-9474-1A3956D46DE8}") = "Solution Items", "Solution Items", "{8EC462FD-D22E-90A8-E5CE-7E832BA40C5D}"
	ProjectSection(SolutionItems) = preProject
		README.md = README.md
	EndProjectSection
EndProject
Project("{FAE04EC0-301F-11D3-BF4B-00C04F79EFBC}") = "VegMeatMarket.Domain", "VegMeatMarket.Domain\VegMeatMarket.Domain.csproj", "{B0503E05-60F8-48F6-9730-F7F7D6D1AEB6}"
EndProject
Project("{2150E333-8FDC-42A3-9474-1A3956D46DE8}") = "Script", "Script", "{02EA681E-C7D8-13C7-8484-4AC65E1B71E8}"
	ProjectSection(SolutionItems) = preProject
		..\..\..\OneDrive\Documents\VegMeatSale.sql = ..\..\..\OneDrive\Documents\VegMeatSale.sql
	EndProjectSection
EndProject
Global
	GlobalSection(SolutionConfigurationPlatforms) = preSolution
		Debug|Any CPU = Debug|Any CPU
		Release|Any CPU = Release|Any CPU
	EndGlobalSection
	GlobalSection(ProjectConfigurationPlatforms) = postSolution
		{86650866-3CD0-4478-9B26-E04E5F508F7C}.Debug|Any CPU.ActiveCfg = Debug|Any CPU
		{86650866-3CD0-4478-9B26-E04E5F508F7C}.Debug|Any CPU.Build.0 = Debug|Any CPU
		{86650866-3CD0-4478-9B26-E04E5F508F7C}.Release|Any CPU.ActiveCfg = Release|Any CPU
		{86650866-3CD0-4478-9B26-E04E5F508F7C}.Release|Any CPU.Build.0 = Release|Any CPU
		{E4DE11BC-0398-487F-8E45-0C15247EDB5F}.Debug|Any CPU.ActiveCfg = Debug|Any CPU
		{E4DE11BC-0398-487F-8E45-0C15247EDB5F}.Debug|Any CPU.Build.0 = Debug|Any CPU
		{E4DE11BC-0398-487F-8E45-0C15247EDB5F}.Release|Any CPU.ActiveCfg = Release|Any CPU
		{E4DE11BC-0398-487F-8E45-0C15247EDB5F}.Release|Any CPU.Build.0 = Release|Any CPU
		{B0503E05-60F8-48F6-9730-F7F7D6D1AEB6}.Debug|Any CPU.ActiveCfg = Debug|Any CPU
		{B0503E05-60F8-48F6-9730-F7F7D6D1AEB6}.Debug|Any CPU.Build.0 = Debug|Any CPU
		{B0503E05-60F8-48F6-9730-F7F7D6D1AEB6}.Release|Any CPU.ActiveCfg = Release|Any CPU
		{B0503E05-60F8-48F6-9730-F7F7D6D1AEB6}.Release|Any CPU.Build.0 = Release|Any CPU
	EndGlobalSection
	GlobalSection(SolutionProperties) = preSolution
		HideSolutionNode = FALSE
	EndGlobalSection
	GlobalSection(ExtensibilityGlobals) = postSolution
		SolutionGuid = {EC73CC3A-220F-4160-8B84-96079DEE6493}
	EndGlobalSection
EndGlobal
